
Microsoft Visual Studio Solution File, Format Version 12.00
# Visual Studio 15
VisualStudioVersion = 15.0.27130.2020
MinimumVisualStudioVersion = 10.0.40219.1
Project("{FAE04EC0-301F-11D3-BF4B-00C04F79EFBC}") = "ConsoleApp", "ConsoleApp\ConsoleApp.csproj", "{FC50023A-9725-4F26-AD70-E736B64F8357}"
EndProject
Project("{FAE04EC0-301F-11D3-BF4B-00C04F79EFBC}") = "OperatorandExpression", "OperatorandExpression\OperatorandExpression.csproj", "{93623454-904D-4D75-B64B-FD034421148B}"
EndProject
Global
	GlobalSection(SolutionConfigurationPlatforms) = preSolution
		Debug|Any CPU = Debug|Any CPU
		Release|Any CPU = Release|Any CPU
	EndGlobalSection
	GlobalSection(ProjectConfigurationPlatforms) = postSolution
		{FC50023A-9725-4F26-AD70-E736B64F8357}.Debug|Any CPU.ActiveCfg = Debug|Any CPU
		{FC50023A-9725-4F26-AD70-E736B64F8357}.Debug|Any CPU.Build.0 = Debug|Any CPU
		{FC50023A-9725-4F26-AD70-E736B64F8357}.Release|Any CPU.ActiveCfg = Release|Any CPU
		{FC50023A-9725-4F26-AD70-E736B64F8357}.Release|Any CPU.Build.0 = Release|Any CPU
		{93623454-904D-4D75-B64B-FD034421148B}.Debug|Any CPU.ActiveCfg = Debug|Any CPU
		{93623454-904D-4D75-B64B-FD034421148B}.Debug|Any CPU.Build.0 = Debug|Any CPU
		{93623454-904D-4D75-B64B-FD034421148B}.Release|Any CPU.ActiveCfg = Release|Any CPU
		{93623454-904D-4D75-B64B-FD034421148B}.Release|Any CPU.Build.0 = Release|Any CPU
	EndGlobalSection
	GlobalSection(SolutionProperties) = preSolution
		HideSolutionNode = FALSE
	EndGlobalSection
	GlobalSection(ExtensibilityGlobals) = postSolution
		SolutionGuid = {B6BA81EF-F453-4BC4-A2EF-52C83FE01087}
	EndGlobalSection
EndGlobal
